
Microsoft Visual Studio Solution File, Format Version 12.00
# Visual Studio Version 17
VisualStudioVersion = 17.0.31903.59
MinimumVisualStudioVersion = 10.0.40219.1
Project("{2150E333-8FDC-42A3-9474-1A3956D46DE8}") = "src", "src", "{827E0CD3-B72D-47B6-A68D-7590B98EB39B}"
EndProject
Project("{FAE04EC0-301F-11D3-BF4B-00C04F79EFBC}") = "CustomerServiceAgent.AppHost", "src\CustomerServiceAgent.AppHost\CustomerServiceAgent.AppHost.csproj", "{0D3393B7-0C70-4FB4-9BCA-83F484E307AF}"
EndProject
Project("{FAE04EC0-301F-11D3-BF4B-00C04F79EFBC}") = "CustomerServiceAgent.ServiceDefaults", "src\CustomerServiceAgent.ServiceDefaults\CustomerServiceAgent.ServiceDefaults.csproj", "{8D935047-BF21-479E-B213-CF9BCF70DDA3}"
EndProject
Project("{FAE04EC0-301F-11D3-BF4B-00C04F79EFBC}") = "AgentOrchestrator", "src\AgentOrchestrator\AgentOrchestrator.csproj", "{D9882493-A9B5-4C75-AE5D-F88FD6943589}"
EndProject
Project("{2150E333-8FDC-42A3-9474-1A3956D46DE8}") = "DownstreamServices", "DownstreamServices", "{8B25F592-4B1F-96A6-91DA-5ABB5E21199A}"
EndProject
Project("{FAE04EC0-301F-11D3-BF4B-00C04F79EFBC}") = "OrderService", "src\DownstreamServices\OrderService\OrderService.csproj", "{1902C999-48C8-445C-885D-B74CA97DEF98}"
EndProject
Project("{FAE04EC0-301F-11D3-BF4B-00C04F79EFBC}") = "ShippingService", "src\DownstreamServices\ShippingService\ShippingService.csproj", "{B0DE7C3E-9E13-4FE6-BB2A-186BD39DA9BC}"
EndProject
Project("{FAE04EC0-301F-11D3-BF4B-00C04F79EFBC}") = "EmailService", "src\DownstreamServices\EmailService\EmailService.csproj", "{4F8735CC-ADA0-48C2-BF90-F3A3BFCEDCA2}"
EndProject
Project("{FAE04EC0-301F-11D3-BF4B-00C04F79EFBC}") = "Shared", "src\Shared\Shared.csproj", "{C0B33745-C3EB-4E7B-B50D-D376A46FC541}"
EndProject
Global
	GlobalSection(SolutionConfigurationPlatforms) = preSolution
		Debug|Any CPU = Debug|Any CPU
		Debug|x64 = Debug|x64
		Debug|x86 = Debug|x86
		Release|Any CPU = Release|Any CPU
		Release|x64 = Release|x64
		Release|x86 = Release|x86
	EndGlobalSection
	GlobalSection(ProjectConfigurationPlatforms) = postSolution
		{0D3393B7-0C70-4FB4-9BCA-83F484E307AF}.Debug|Any CPU.ActiveCfg = Debug|Any CPU
		{0D3393B7-0C70-4FB4-9BCA-83F484E307AF}.Debug|Any CPU.Build.0 = Debug|Any CPU
		{0D3393B7-0C70-4FB4-9BCA-83F484E307AF}.Debug|x64.ActiveCfg = Debug|Any CPU
		{0D3393B7-0C70-4FB4-9BCA-83F484E307AF}.Debug|x64.Build.0 = Debug|Any CPU
		{0D3393B7-0C70-4FB4-9BCA-83F484E307AF}.Debug|x86.ActiveCfg = Debug|Any CPU
		{0D3393B7-0C70-4FB4-9BCA-83F484E307AF}.Debug|x86.Build.0 = Debug|Any CPU
		{0D3393B7-0C70-4FB4-9BCA-83F484E307AF}.Release|Any CPU.ActiveCfg = Release|Any CPU
		{0D3393B7-0C70-4FB4-9BCA-83F484E307AF}.Release|Any CPU.Build.0 = Release|Any CPU
		{0D3393B7-0C70-4FB4-9BCA-83F484E307AF}.Release|x64.ActiveCfg = Release|Any CPU
		{0D3393B7-0C70-4FB4-9BCA-83F484E307AF}.Release|x64.Build.0 = Release|Any CPU
		{0D3393B7-0C70-4FB4-9BCA-83F484E307AF}.Release|x86.ActiveCfg = Release|Any CPU
		{0D3393B7-0C70-4FB4-9BCA-83F484E307AF}.Release|x86.Build.0 = Release|Any CPU
		{8D935047-BF21-479E-B213-CF9BCF70DDA3}.Debug|Any CPU.ActiveCfg = Debug|Any CPU
		{8D935047-BF21-479E-B213-CF9BCF70DDA3}.Debug|Any CPU.Build.0 = Debug|Any CPU
		{8D935047-BF21-479E-B213-CF9BCF70DDA3}.Debug|x64.ActiveCfg = Debug|Any CPU
		{8D935047-BF21-479E-B213-CF9BCF70DDA3}.Debug|x64.Build.0 = Debug|Any CPU
		{8D935047-BF21-479E-B213-CF9BCF70DDA3}.Debug|x86.ActiveCfg = Debug|Any CPU
		{8D935047-BF21-479E-B213-CF9BCF70DDA3}.Debug|x86.Build.0 = Debug|Any CPU
		{8D935047-BF21-479E-B213-CF9BCF70DDA3}.Release|Any CPU.ActiveCfg = Release|Any CPU
		{8D935047-BF21-479E-B213-CF9BCF70DDA3}.Release|Any CPU.Build.0 = Release|Any CPU
		{8D935047-BF21-479E-B213-CF9BCF70DDA3}.Release|x64.ActiveCfg = Release|Any CPU
		{8D935047-BF21-479E-B213-CF9BCF70DDA3}.Release|x64.Build.0 = Release|Any CPU
		{8D935047-BF21-479E-B213-CF9BCF70DDA3}.Release|x86.ActiveCfg = Release|Any CPU
		{8D935047-BF21-479E-B213-CF9BCF70DDA3}.Release|x86.Build.0 = Release|Any CPU
		{D9882493-A9B5-4C75-AE5D-F88FD6943589}.Debug|Any CPU.ActiveCfg = Debug|Any CPU
		{D9882493-A9B5-4C75-AE5D-F88FD6943589}.Debug|Any CPU.Build.0 = Debug|Any CPU
		{D9882493-A9B5-4C75-AE5D-F88FD6943589}.Debug|x64.ActiveCfg = Debug|Any CPU
		{D9882493-A9B5-4C75-AE5D-F88FD6943589}.Debug|x64.Build.0 = Debug|Any CPU
		{D9882493-A9B5-4C75-AE5D-F88FD6943589}.Debug|x86.ActiveCfg = Debug|Any CPU
		{D9882493-A9B5-4C75-AE5D-F88FD6943589}.Debug|x86.Build.0 = Debug|Any CPU
		{D9882493-A9B5-4C75-AE5D-F88FD6943589}.Release|Any CPU.ActiveCfg = Release|Any CPU
		{D9882493-A9B5-4C75-AE5D-F88FD6943589}.Release|Any CPU.Build.0 = Release|Any CPU
		{D9882493-A9B5-4C75-AE5D-F88FD6943589}.Release|x64.ActiveCfg = Release|Any CPU
		{D9882493-A9B5-4C75-AE5D-F88FD6943589}.Release|x64.Build.0 = Release|Any CPU
		{D9882493-A9B5-4C75-AE5D-F88FD6943589}.Release|x86.ActiveCfg = Release|Any CPU
		{D9882493-A9B5-4C75-AE5D-F88FD6943589}.Release|x86.Build.0 = Release|Any CPU
		{1902C999-48C8-445C-885D-B74CA97DEF98}.Debug|Any CPU.ActiveCfg = Debug|Any CPU
		{1902C999-48C8-445C-885D-B74CA97DEF98}.Debug|Any CPU.Build.0 = Debug|Any CPU
		{1902C999-48C8-445C-885D-B74CA97DEF98}.Debug|x64.ActiveCfg = Debug|Any CPU
		{1902C999-48C8-445C-885D-B74CA97DEF98}.Debug|x64.Build.0 = Debug|Any CPU
		{1902C999-48C8-445C-885D-B74CA97DEF98}.Debug|x86.ActiveCfg = Debug|Any CPU
		{1902C999-48C8-445C-885D-B74CA97DEF98}.Debug|x86.Build.0 = Debug|Any CPU
		{1902C999-48C8-445C-885D-B74CA97DEF98}.Release|Any CPU.ActiveCfg = Release|Any CPU
		{1902C999-48C8-445C-885D-B74CA97DEF98}.Release|Any CPU.Build.0 = Release|Any CPU
		{1902C999-48C8-445C-885D-B74CA97DEF98}.Release|x64.ActiveCfg = Release|Any CPU
		{1902C999-48C8-445C-885D-B74CA97DEF98}.Release|x64.Build.0 = Release|Any CPU
		{1902C999-48C8-445C-885D-B74CA97DEF98}.Release|x86.ActiveCfg = Release|Any CPU
		{1902C999-48C8-445C-885D-B74CA97DEF98}.Release|x86.Build.0 = Release|Any CPU
		{B0DE7C3E-9E13-4FE6-BB2A-186BD39DA9BC}.Debug|Any CPU.ActiveCfg = Debug|Any CPU
		{B0DE7C3E-9E13-4FE6-BB2A-186BD39DA9BC}.Debug|Any CPU.Build.0 = Debug|Any CPU
		{B0DE7C3E-9E13-4FE6-BB2A-186BD39DA9BC}.Debug|x64.ActiveCfg = Debug|Any CPU
		{B0DE7C3E-9E13-4FE6-BB2A-186BD39DA9BC}.Debug|x64.Build.0 = Debug|Any CPU
		{B0DE7C3E-9E13-4FE6-BB2A-186BD39DA9BC}.Debug|x86.ActiveCfg = Debug|Any CPU
		{B0DE7C3E-9E13-4FE6-BB2A-186BD39DA9BC}.Debug|x86.Build.0 = Debug|Any CPU
		{B0DE7C3E-9E13-4FE6-BB2A-186BD39DA9BC}.Release|Any CPU.ActiveCfg = Release|Any CPU
		{B0DE7C3E-9E13-4FE6-BB2A-186BD39DA9BC}.Release|Any CPU.Build.0 = Release|Any CPU
		{B0DE7C3E-9E13-4FE6-BB2A-186BD39DA9BC}.Release|x64.ActiveCfg = Release|Any CPU
		{B0DE7C3E-9E13-4FE6-BB2A-186BD39DA9BC}.Release|x64.Build.0 = Release|Any CPU
		{B0DE7C3E-9E13-4FE6-BB2A-186BD39DA9BC}.Release|x86.ActiveCfg = Release|Any CPU
		{B0DE7C3E-9E13-4FE6-BB2A-186BD39DA9BC}.Release|x86.Build.0 = Release|Any CPU
		{4F8735CC-ADA0-48C2-BF90-F3A3BFCEDCA2}.Debug|Any CPU.ActiveCfg = Debug|Any CPU
		{4F8735CC-ADA0-48C2-BF90-F3A3BFCEDCA2}.Debug|Any CPU.Build.0 = Debug|Any CPU
		{4F8735CC-ADA0-48C2-BF90-F3A3BFCEDCA2}.Debug|x64.ActiveCfg = Debug|Any CPU
		{4F8735CC-ADA0-48C2-BF90-F3A3BFCEDCA2}.Debug|x64.Build.0 = Debug|Any CPU
		{4F8735CC-ADA0-48C2-BF90-F3A3BFCEDCA2}.Debug|x86.ActiveCfg = Debug|Any CPU
		{4F8735CC-ADA0-48C2-BF90-F3A3BFCEDCA2}.Debug|x86.Build.0 = Debug|Any CPU
		{4F8735CC-ADA0-48C2-BF90-F3A3BFCEDCA2}.Release|Any CPU.ActiveCfg = Release|Any CPU
		{4F8735CC-ADA0-48C2-BF90-F3A3BFCEDCA2}.Release|Any CPU.Build.0 = Release|Any CPU
		{4F8735CC-ADA0-48C2-BF90-F3A3BFCEDCA2}.Release|x64.ActiveCfg = Release|Any CPU
		{4F8735CC-ADA0-48C2-BF90-F3A3BFCEDCA2}.Release|x64.Build.0 = Release|Any CPU
		{4F8735CC-ADA0-48C2-BF90-F3A3BFCEDCA2}.Release|x86.ActiveCfg = Release|Any CPU
		{4F8735CC-ADA0-48C2-BF90-F3A3BFCEDCA2}.Release|x86.Build.0 = Release|Any CPU
		{C0B33745-C3EB-4E7B-B50D-D376A46FC541}.Debug|Any CPU.ActiveCfg = Debug|Any CPU
		{C0B33745-C3EB-4E7B-B50D-D376A46FC541}.Debug|Any CPU.Build.0 = Debug|Any CPU
		{C0B33745-C3EB-4E7B-B50D-D376A46FC541}.Debug|x64.ActiveCfg = Debug|Any CPU
		{C0B33745-C3EB-4E7B-B50D-D376A46FC541}.Debug|x64.Build.0 = Debug|Any CPU
		{C0B33745-C3EB-4E7B-B50D-D376A46FC541}.Debug|x86.ActiveCfg = Debug|Any CPU
		{C0B33745-C3EB-4E7B-B50D-D376A46FC541}.Debug|x86.Build.0 = Debug|Any CPU
		{C0B33745-C3EB-4E7B-B50D-D376A46FC541}.Release|Any CPU.ActiveCfg = Release|Any CPU
		{C0B33745-C3EB-4E7B-B50D-D376A46FC541}.Release|Any CPU.Build.0 = Release|Any CPU
		{C0B33745-C3EB-4E7B-B50D-D376A46FC541}.Release|x64.ActiveCfg = Release|Any CPU
		{C0B33745-C3EB-4E7B-B50D-D376A46FC541}.Release|x64.Build.0 = Release|Any CPU
		{C0B33745-C3EB-4E7B-B50D-D376A46FC541}.Release|x86.ActiveCfg = Release|Any CPU
		{C0B33745-C3EB-4E7B-B50D-D376A46FC541}.Release|x86.Build.0 = Release|Any CPU
	EndGlobalSection
	GlobalSection(SolutionProperties) = preSolution
		HideSolutionNode = FALSE
	EndGlobalSection
	GlobalSection(NestedProjects) = preSolution
		{0D3393B7-0C70-4FB4-9BCA-83F484E307AF} = {827E0CD3-B72D-47B6-A68D-7590B98EB39B}
		{8D935047-BF21-479E-B213-CF9BCF70DDA3} = {827E0CD3-B72D-47B6-A68D-7590B98EB39B}
		{D9882493-A9B5-4C75-AE5D-F88FD6943589} = {827E0CD3-B72D-47B6-A68D-7590B98EB39B}
		{8B25F592-4B1F-96A6-91DA-5ABB5E21199A} = {827E0CD3-B72D-47B6-A68D-7590B98EB39B}
		{1902C999-48C8-445C-885D-B74CA97DEF98} = {8B25F592-4B1F-96A6-91DA-5ABB5E21199A}
		{B0DE7C3E-9E13-4FE6-BB2A-186BD39DA9BC} = {8B25F592-4B1F-96A6-91DA-5ABB5E21199A}
		{4F8735CC-ADA0-48C2-BF90-F3A3BFCEDCA2} = {8B25F592-4B1F-96A6-91DA-5ABB5E21199A}
		{C0B33745-C3EB-4E7B-B50D-D376A46FC541} = {827E0CD3-B72D-47B6-A68D-7590B98EB39B}
	EndGlobalSection
EndGlobal
